{
    "version": 3,
    "terraform_version": "0.11.13",
    "serial": 23,
    "lineage": "5622c70a-cf9c-1146-7231-923548e3f6e6",
    "modules": [
        {
            "path": [
                "root"
            ],
            "outputs": {},
            "resources": {
                "aws_autoscaling_group.EMI-asg": {
                    "type": "aws_autoscaling_group",
                    "depends_on": [
                        "aws_elb.EMI-elb",
                        "aws_launch_configuration.EMI-lc",
                        "aws_subnet.EMI-subnet-private-1",
                        "aws_subnet.EMI-subnet-private-2"
                    ],
                    "primary": {
                        "id": "EMI-asg",
                        "attributes": {
                            "arn": "arn:aws:autoscaling:us-east-2:740194582890:autoScalingGroup:467abb46-8ac6-46a8-862d-6a8dcbb39a4f:autoScalingGroupName/EMI-asg",
                            "availability_zones.#": "2",
                            "availability_zones.1726430690": "us-east-2b",
                            "availability_zones.299896180": "us-east-2c",
                            "default_cooldown": "300",
                            "desired_capacity": "2",
                            "enabled_metrics.#": "0",
                            "force_delete": "false",
                            "health_check_grace_period": "300",
                            "health_check_type": "EC2",
                            "id": "EMI-asg",
                            "launch_configuration": "EMI-lc",
                            "launch_template.#": "0",
                            "load_balancers.#": "1",
                            "load_balancers.466287837": "EMI-elb",
                            "max_instance_lifetime": "0",
                            "max_size": "3",
                            "metrics_granularity": "1Minute",
                            "min_size": "1",
                            "mixed_instances_policy.#": "0",
                            "name": "EMI-asg",
                            "placement_group": "",
                            "protect_from_scale_in": "false",
                            "service_linked_role_arn": "arn:aws:iam::740194582890:role/aws-service-role/autoscaling.amazonaws.com/AWSServiceRoleForAutoScaling",
                            "suspended_processes.#": "0",
                            "tag.#": "1",
                            "tag.989291758.key": "Name",
                            "tag.989291758.propagate_at_launch": "true",
                            "tag.989291758.value": "EMI-node",
                            "target_group_arns.#": "0",
                            "termination_policies.#": "0",
                            "vpc_zone_identifier.#": "2",
                            "vpc_zone_identifier.2515927423": "subnet-0e2b90efb0357ec92",
                            "vpc_zone_identifier.2984104485": "subnet-049842bbda654d212",
                            "wait_for_capacity_timeout": "10m"
                        },
                        "meta": {
                            "e2bfb730-ecaa-11e6-8f88-34363bc7c4c0": {
                                "delete": 600000000000
                            }
                        },
                        "tainted": false
                    },
                    "deposed": [],
                    "provider": "provider.aws"
                },
                "aws_autoscaling_policy.EMI-asg-scaling-down": {
                    "type": "aws_autoscaling_policy",
                    "depends_on": [
                        "aws_autoscaling_group.EMI-asg"
                    ],
                    "primary": {
                        "id": "EMI-scale_down",
                        "attributes": {
                            "adjustment_type": "ChangeInCapacity",
                            "arn": "arn:aws:autoscaling:us-east-2:740194582890:scalingPolicy:9641a4b0-de86-4f69-be9d-b0b9ecf65b8b:autoScalingGroupName/EMI-asg:policyName/EMI-scale_down",
                            "autoscaling_group_name": "EMI-asg",
                            "cooldown": "0",
                            "estimated_instance_warmup": "0",
                            "id": "EMI-scale_down",
                            "metric_aggregation_type": "",
                            "name": "EMI-scale_down",
                            "policy_type": "SimpleScaling",
                            "scaling_adjustment": "-1",
                            "step_adjustment.#": "0",
                            "target_tracking_configuration.#": "0"
                        },
                        "meta": {},
                        "tainted": false
                    },
                    "deposed": [],
                    "provider": "provider.aws"
                },
                "aws_autoscaling_policy.EMI-asg-scaling-up": {
                    "type": "aws_autoscaling_policy",
                    "depends_on": [
                        "aws_autoscaling_group.EMI-asg"
                    ],
                    "primary": {
                        "id": "EMI-scale_up",
                        "attributes": {
                            "adjustment_type": "ChangeInCapacity",
                            "arn": "arn:aws:autoscaling:us-east-2:740194582890:scalingPolicy:4bf53f05-0ed8-49ee-b2bf-90f3f1235eab:autoScalingGroupName/EMI-asg:policyName/EMI-scale_up",
                            "autoscaling_group_name": "EMI-asg",
                            "cooldown": "0",
                            "estimated_instance_warmup": "0",
                            "id": "EMI-scale_up",
                            "metric_aggregation_type": "",
                            "name": "EMI-scale_up",
                            "policy_type": "SimpleScaling",
                            "scaling_adjustment": "1",
                            "step_adjustment.#": "0",
                            "target_tracking_configuration.#": "0"
                        },
                        "meta": {},
                        "tainted": false
                    },
                    "deposed": [],
                    "provider": "provider.aws"
                },
                "aws_elb.EMI-elb": {
                    "type": "aws_elb",
                    "depends_on": [
                        "aws_security_group.EMI_sg",
                        "aws_subnet.EMI-subnet-private-1",
                        "aws_subnet.EMI-subnet-private-2",
                        "aws_subnet.EMI-subnet-public-1"
                    ],
                    "primary": {
                        "id": "EMI-elb",
                        "attributes": {
                            "access_logs.#": "0",
                            "arn": "arn:aws:elasticloadbalancing:us-east-2:740194582890:loadbalancer/EMI-elb",
                            "availability_zones.#": "3",
                            "availability_zones.1726430690": "us-east-2b",
                            "availability_zones.299896180": "us-east-2c",
                            "availability_zones.4293815384": "us-east-2a",
                            "connection_draining": "true",
                            "connection_draining_timeout": "400",
                            "cross_zone_load_balancing": "true",
                            "dns_name": "EMI-elb-426839915.us-east-2.elb.amazonaws.com",
                            "health_check.#": "1",
                            "health_check.0.healthy_threshold": "2",
                            "health_check.0.interval": "30",
                            "health_check.0.target": "HTTP:80/",
                            "health_check.0.timeout": "5",
                            "health_check.0.unhealthy_threshold": "2",
                            "id": "EMI-elb",
                            "idle_timeout": "400",
                            "instances.#": "2",
                            "instances.1107490843": "i-044a6350644867eaf",
                            "instances.914189395": "i-0574ff567459adfda",
                            "internal": "false",
                            "listener.#": "1",
                            "listener.3057123346.instance_port": "80",
                            "listener.3057123346.instance_protocol": "http",
                            "listener.3057123346.lb_port": "80",
                            "listener.3057123346.lb_protocol": "http",
                            "listener.3057123346.ssl_certificate_id": "",
                            "name": "EMI-elb",
                            "security_groups.#": "1",
                            "security_groups.652041295": "sg-0a83c80adcaf9afa7",
                            "source_security_group": "740194582890/terraform-20200318140030795700000001",
                            "source_security_group_id": "sg-0a83c80adcaf9afa7",
                            "subnets.#": "3",
                            "subnets.1772207278": "subnet-0090dfb32f7337ba1",
                            "subnets.2515927423": "subnet-0e2b90efb0357ec92",
                            "subnets.2984104485": "subnet-049842bbda654d212",
                            "tags.%": "1",
                            "tags.Name": "EMI-elb",
                            "zone_id": "Z3AADJGX6KTTL2"
                        },
                        "meta": {},
                        "tainted": false
                    },
                    "deposed": [],
                    "provider": "provider.aws"
                },
                "aws_internet_gateway.EMI-igw": {
                    "type": "aws_internet_gateway",
                    "depends_on": [
                        "aws_vpc.EMI-vpc"
                    ],
                    "primary": {
                        "id": "igw-03e88d28243ced359",
                        "attributes": {
                            "id": "igw-03e88d28243ced359",
                            "owner_id": "740194582890",
                            "tags.%": "1",
                            "tags.Name": "EMI-igw",
                            "vpc_id": "vpc-087e00ac02f151dbe"
                        },
                        "meta": {},
                        "tainted": false
                    },
                    "deposed": [],
                    "provider": "provider.aws"
                },
                "aws_key_pair.terrademo": {
                    "type": "aws_key_pair",
                    "depends_on": [],
                    "primary": {
                        "id": "terrademo",
                        "attributes": {
                            "fingerprint": "85:d1:32:23:38:ca:3c:00:44:12:d5:de:3b:2a:a4:c4",
                            "id": "terrademo",
                            "key_name": "terrademo",
                            "key_pair_id": "key-036f2ed37c4f901c2",
                            "public_key": "ssh-rsa AAAAB3NzaC1yc2EAAAADAQABAAABAQDMnrYih5LSufgP5h02vOZnxvEgCfeIvfjDrZcbhFjvKcOzGP4e/A9935iV9vIG3G+2du5p63qre8dw46l8Uerls127HBvj2Xmh5UXZuUkG6TiNm1ncwmsGAmlo7AomiaKe0X3e+AzJGO4e7fhYQpCnPYwEYKtl85tFVsIbHXTODa9Oi+A75DaUemyxRLZ+RLT27IAw2TntBh6bfsly00fOibbVcGDrFyR2VN/49Mc8dtlNukmyhvXMadTDoZd25Z5NEqDGXhnu5uYug9hpGVqRslcxh9JvPw+vCG86fP9tc312aXT6LSSh8SwDmgNXpp8pg0SH04/8G9aY7KvToHjR eslam@AWS-RS-US-QA-ELK",
                            "tags.%": "0"
                        },
                        "meta": {
                            "schema_version": "1"
                        },
                        "tainted": false
                    },
                    "deposed": [],
                    "provider": "provider.aws"
                },
                "aws_launch_configuration.EMI-lc": {
                    "type": "aws_launch_configuration",
                    "depends_on": [
                        "aws_key_pair.terrademo",
                        "aws_security_group.EMI_sg"
                    ],
                    "primary": {
                        "id": "EMI-lc",
                        "attributes": {
                            "arn": "arn:aws:autoscaling:us-east-2:740194582890:launchConfiguration:db31d5af-b0ff-4e07-a925-cb7b8a4ede65:launchConfigurationName/EMI-lc",
                            "associate_public_ip_address": "false",
                            "ebs_block_device.#": "0",
                            "ebs_optimized": "false",
                            "enable_monitoring": "true",
                            "ephemeral_block_device.#": "0",
                            "iam_instance_profile": "",
                            "id": "EMI-lc",
                            "image_id": "ami-0fc20dd1da406780b",
                            "instance_type": "t2.micro",
                            "key_name": "",
                            "name": "EMI-lc",
                            "root_block_device.#": "0",
                            "security_groups.#": "1",
                            "security_groups.652041295": "sg-0a83c80adcaf9afa7",
                            "spot_price": "",
                            "user_data": "a9b4258c1fb996862386594acd64cf35601f8f60",
                            "vpc_classic_link_id": "",
                            "vpc_classic_link_security_groups.#": "0"
                        },
                        "meta": {},
                        "tainted": false
                    },
                    "deposed": [],
                    "provider": "provider.aws"
                },
                "aws_route_table.EMI-public-crt": {
                    "type": "aws_route_table",
                    "depends_on": [
                        "aws_internet_gateway.EMI-igw",
                        "aws_vpc.EMI-vpc"
                    ],
                    "primary": {
                        "id": "rtb-084e4e88427b41050",
                        "attributes": {
                            "id": "rtb-084e4e88427b41050",
                            "owner_id": "740194582890",
                            "propagating_vgws.#": "0",
                            "route.#": "1",
                            "route.2635632770.cidr_block": "0.0.0.0/0",
                            "route.2635632770.egress_only_gateway_id": "",
                            "route.2635632770.gateway_id": "igw-03e88d28243ced359",
                            "route.2635632770.instance_id": "",
                            "route.2635632770.ipv6_cidr_block": "",
                            "route.2635632770.nat_gateway_id": "",
                            "route.2635632770.network_interface_id": "",
                            "route.2635632770.transit_gateway_id": "",
                            "route.2635632770.vpc_peering_connection_id": "",
                            "tags.%": "1",
                            "tags.Name": "EMI-public-crt",
                            "vpc_id": "vpc-087e00ac02f151dbe"
                        },
                        "meta": {},
                        "tainted": false
                    },
                    "deposed": [],
                    "provider": "provider.aws"
                },
                "aws_route_table_association.EMI-crta-public-subnet-1": {
                    "type": "aws_route_table_association",
                    "depends_on": [
                        "aws_route_table.EMI-public-crt",
                        "aws_subnet.EMI-subnet-public-1"
                    ],
                    "primary": {
                        "id": "rtbassoc-00e1b2a2991bb0983",
                        "attributes": {
                            "id": "rtbassoc-00e1b2a2991bb0983",
                            "route_table_id": "rtb-084e4e88427b41050",
                            "subnet_id": "subnet-0090dfb32f7337ba1"
                        },
                        "meta": {},
                        "tainted": false
                    },
                    "deposed": [],
                    "provider": "provider.aws"
                },
                "aws_security_group.EMI_sg": {
                    "type": "aws_security_group",
                    "depends_on": [
                        "aws_vpc.EMI-vpc"
                    ],
                    "primary": {
                        "id": "sg-0a83c80adcaf9afa7",
                        "attributes": {
                            "arn": "arn:aws:ec2:us-east-2:740194582890:security-group/sg-0a83c80adcaf9afa7",
                            "description": "Managed by Terraform",
                            "egress.#": "1",
                            "egress.2214680975.cidr_blocks.#": "1",
                            "egress.2214680975.cidr_blocks.0": "0.0.0.0/0",
                            "egress.2214680975.description": "",
                            "egress.2214680975.from_port": "80",
                            "egress.2214680975.ipv6_cidr_blocks.#": "0",
                            "egress.2214680975.prefix_list_ids.#": "0",
                            "egress.2214680975.protocol": "tcp",
                            "egress.2214680975.security_groups.#": "0",
                            "egress.2214680975.self": "false",
                            "egress.2214680975.to_port": "80",
                            "id": "sg-0a83c80adcaf9afa7",
                            "ingress.#": "2",
                            "ingress.1905778005.cidr_blocks.#": "1",
                            "ingress.1905778005.cidr_blocks.0": "62.135.17.146/32",
                            "ingress.1905778005.description": "",
                            "ingress.1905778005.from_port": "22",
                            "ingress.1905778005.ipv6_cidr_blocks.#": "0",
                            "ingress.1905778005.prefix_list_ids.#": "0",
                            "ingress.1905778005.protocol": "tcp",
                            "ingress.1905778005.security_groups.#": "0",
                            "ingress.1905778005.self": "false",
                            "ingress.1905778005.to_port": "22",
                            "ingress.2214680975.cidr_blocks.#": "1",
                            "ingress.2214680975.cidr_blocks.0": "0.0.0.0/0",
                            "ingress.2214680975.description": "",
                            "ingress.2214680975.from_port": "80",
                            "ingress.2214680975.ipv6_cidr_blocks.#": "0",
                            "ingress.2214680975.prefix_list_ids.#": "0",
                            "ingress.2214680975.protocol": "tcp",
                            "ingress.2214680975.security_groups.#": "0",
                            "ingress.2214680975.self": "false",
                            "ingress.2214680975.to_port": "80",
                            "name": "terraform-20200318140030795700000001",
                            "owner_id": "740194582890",
                            "revoke_rules_on_delete": "false",
                            "tags.%": "2",
                            "tags.Creator": "EMI",
                            "tags.Name": "EMI",
                            "vpc_id": "vpc-087e00ac02f151dbe"
                        },
                        "meta": {
                            "e2bfb730-ecaa-11e6-8f88-34363bc7c4c0": {
                                "create": 600000000000,
                                "delete": 600000000000
                            },
                            "schema_version": "1"
                        },
                        "tainted": false
                    },
                    "deposed": [],
                    "provider": "provider.aws"
                },
                "aws_subnet.EMI-subnet-private-1": {
                    "type": "aws_subnet",
                    "depends_on": [
                        "aws_vpc.EMI-vpc"
                    ],
                    "primary": {
                        "id": "subnet-0e2b90efb0357ec92",
                        "attributes": {
                            "arn": "arn:aws:ec2:us-east-2:740194582890:subnet/subnet-0e2b90efb0357ec92",
                            "assign_ipv6_address_on_creation": "false",
                            "availability_zone": "us-east-2b",
                            "availability_zone_id": "use2-az2",
                            "cidr_block": "10.0.2.0/24",
                            "id": "subnet-0e2b90efb0357ec92",
                            "ipv6_cidr_block": "",
                            "ipv6_cidr_block_association_id": "",
                            "map_public_ip_on_launch": "false",
                            "owner_id": "740194582890",
                            "tags.%": "1",
                            "tags.Name": "EMI-subnet-private-1",
                            "vpc_id": "vpc-087e00ac02f151dbe"
                        },
                        "meta": {
                            "e2bfb730-ecaa-11e6-8f88-34363bc7c4c0": {
                                "create": 600000000000,
                                "delete": 1200000000000
                            },
                            "schema_version": "1"
                        },
                        "tainted": false
                    },
                    "deposed": [],
                    "provider": "provider.aws"
                },
                "aws_subnet.EMI-subnet-private-2": {
                    "type": "aws_subnet",
                    "depends_on": [
                        "aws_vpc.EMI-vpc"
                    ],
                    "primary": {
                        "id": "subnet-049842bbda654d212",
                        "attributes": {
                            "arn": "arn:aws:ec2:us-east-2:740194582890:subnet/subnet-049842bbda654d212",
                            "assign_ipv6_address_on_creation": "false",
                            "availability_zone": "us-east-2c",
                            "availability_zone_id": "use2-az3",
                            "cidr_block": "10.0.3.0/24",
                            "id": "subnet-049842bbda654d212",
                            "ipv6_cidr_block": "",
                            "ipv6_cidr_block_association_id": "",
                            "map_public_ip_on_launch": "false",
                            "owner_id": "740194582890",
                            "tags.%": "1",
                            "tags.Name": "EMI-subnet-private-2",
                            "vpc_id": "vpc-087e00ac02f151dbe"
                        },
                        "meta": {
                            "e2bfb730-ecaa-11e6-8f88-34363bc7c4c0": {
                                "create": 600000000000,
                                "delete": 1200000000000
                            },
                            "schema_version": "1"
                        },
                        "tainted": false
                    },
                    "deposed": [],
                    "provider": "provider.aws"
                },
                "aws_subnet.EMI-subnet-public-1": {
                    "type": "aws_subnet",
                    "depends_on": [
                        "aws_vpc.EMI-vpc"
                    ],
                    "primary": {
                        "id": "subnet-0090dfb32f7337ba1",
                        "attributes": {
                            "arn": "arn:aws:ec2:us-east-2:740194582890:subnet/subnet-0090dfb32f7337ba1",
                            "assign_ipv6_address_on_creation": "false",
                            "availability_zone": "us-east-2a",
                            "availability_zone_id": "use2-az1",
                            "cidr_block": "10.0.1.0/24",
                            "id": "subnet-0090dfb32f7337ba1",
                            "ipv6_cidr_block": "",
                            "ipv6_cidr_block_association_id": "",
                            "map_public_ip_on_launch": "true",
                            "owner_id": "740194582890",
                            "tags.%": "1",
                            "tags.Name": "EMI-subnet-public-1",
                            "vpc_id": "vpc-087e00ac02f151dbe"
                        },
                        "meta": {
                            "e2bfb730-ecaa-11e6-8f88-34363bc7c4c0": {
                                "create": 600000000000,
                                "delete": 1200000000000
                            },
                            "schema_version": "1"
                        },
                        "tainted": false
                    },
                    "deposed": [],
                    "provider": "provider.aws"
                },
                "aws_vpc.EMI-vpc": {
                    "type": "aws_vpc",
                    "depends_on": [],
                    "primary": {
                        "id": "vpc-087e00ac02f151dbe",
                        "attributes": {
                            "arn": "arn:aws:ec2:us-east-2:740194582890:vpc/vpc-087e00ac02f151dbe",
                            "assign_generated_ipv6_cidr_block": "false",
                            "cidr_block": "10.0.0.0/16",
                            "default_network_acl_id": "acl-0c968876cf890080b",
                            "default_route_table_id": "rtb-0d6d197b1e401951b",
                            "default_security_group_id": "sg-07bdc71b4f68896c5",
                            "dhcp_options_id": "dopt-fd13b196",
                            "enable_classiclink": "false",
                            "enable_dns_hostnames": "true",
                            "enable_dns_support": "true",
                            "id": "vpc-087e00ac02f151dbe",
                            "instance_tenancy": "default",
                            "ipv6_association_id": "",
                            "ipv6_cidr_block": "",
                            "main_route_table_id": "rtb-0d6d197b1e401951b",
                            "owner_id": "740194582890",
                            "tags.%": "1",
                            "tags.Name": "EMI-vpc"
                        },
                        "meta": {
                            "schema_version": "1"
                        },
                        "tainted": false
                    },
                    "deposed": [],
                    "provider": "provider.aws"
                }
            },
            "depends_on": []
        }
    ]
}
